
Microsoft Visual Studio Solution File, Format Version 12.00
# Visual Studio Version 16
VisualStudioVersion = 16.0.30011.22
MinimumVisualStudioVersion = 10.0.40219.1
Project("{FAE04EC0-301F-11D3-BF4B-00C04F79EFBC}") = "QLBHMA", "QLBHMA\QLBHMA.csproj", "{86B9723F-A110-4E2F-87E5-6715A5F7F769}"
EndProject
Global
	GlobalSection(SolutionConfigurationPlatforms) = preSolution
		Debug|Any CPU = Debug|Any CPU
		Release|Any CPU = Release|Any CPU
	EndGlobalSection
	GlobalSection(ProjectConfigurationPlatforms) = postSolution
		{86B9723F-A110-4E2F-87E5-6715A5F7F769}.Debug|Any CPU.ActiveCfg = Debug|Any CPU
		{86B9723F-A110-4E2F-87E5-6715A5F7F769}.Debug|Any CPU.Build.0 = Debug|Any CPU
		{86B9723F-A110-4E2F-87E5-6715A5F7F769}.Release|Any CPU.ActiveCfg = Release|Any CPU
		{86B9723F-A110-4E2F-87E5-6715A5F7F769}.Release|Any CPU.Build.0 = Release|Any CPU
	EndGlobalSection
	GlobalSection(SolutionProperties) = preSolution
		HideSolutionNode = FALSE
	EndGlobalSection
	GlobalSection(ExtensibilityGlobals) = postSolution
		SolutionGuid = {CFF50261-06FB-4986-8779-E04F21851E0E}
	EndGlobalSection
EndGlobal
